
Microsoft Visual Studio Solution File, Format Version 11.00
# Visual Studio 2010
Project("{FAE04EC0-301F-11D3-BF4B-00C04F79EFBC}") = "BeatriceCleanupDetail_3D", "Assembly-CSharp-firstpass.csproj", "{A122878A-63F7-0DF1-4B61-4467EF65FF4A}"
EndProject
Project("{FAE04EC0-301F-11D3-BF4B-00C04F79EFBC}") = "BeatriceCleanupDetail_3D", "Assembly-CSharp.csproj", "{BDBF27A4-2506-9584-3C6E-EB23CB4614EE}"
EndProject
Project("{FAE04EC0-301F-11D3-BF4B-00C04F79EFBC}") = "BeatriceCleanupDetail_3D", "Assembly-CSharp-Editor-firstpass.csproj", "{80BF0910-25FD-5153-3BAA-1ABC49F87777}"
EndProject
Global
	GlobalSection(SolutionConfigurationPlatforms) = preSolution
		Debug|Any CPU = Debug|Any CPU
		Release|Any CPU = Release|Any CPU
	EndGlobalSection
	GlobalSection(ProjectConfigurationPlatforms) = postSolution
		{A122878A-63F7-0DF1-4B61-4467EF65FF4A}.Debug|Any CPU.ActiveCfg = Debug|Any CPU
		{A122878A-63F7-0DF1-4B61-4467EF65FF4A}.Debug|Any CPU.Build.0 = Debug|Any CPU
		{A122878A-63F7-0DF1-4B61-4467EF65FF4A}.Release|Any CPU.ActiveCfg = Release|Any CPU
		{A122878A-63F7-0DF1-4B61-4467EF65FF4A}.Release|Any CPU.Build.0 = Release|Any CPU
		{BDBF27A4-2506-9584-3C6E-EB23CB4614EE}.Debug|Any CPU.ActiveCfg = Debug|Any CPU
		{BDBF27A4-2506-9584-3C6E-EB23CB4614EE}.Debug|Any CPU.Build.0 = Debug|Any CPU
		{BDBF27A4-2506-9584-3C6E-EB23CB4614EE}.Release|Any CPU.ActiveCfg = Release|Any CPU
		{BDBF27A4-2506-9584-3C6E-EB23CB4614EE}.Release|Any CPU.Build.0 = Release|Any CPU
		{80BF0910-25FD-5153-3BAA-1ABC49F87777}.Debug|Any CPU.ActiveCfg = Debug|Any CPU
		{80BF0910-25FD-5153-3BAA-1ABC49F87777}.Debug|Any CPU.Build.0 = Debug|Any CPU
		{80BF0910-25FD-5153-3BAA-1ABC49F87777}.Release|Any CPU.ActiveCfg = Release|Any CPU
		{80BF0910-25FD-5153-3BAA-1ABC49F87777}.Release|Any CPU.Build.0 = Release|Any CPU
	EndGlobalSection
	GlobalSection(SolutionProperties) = preSolution
		HideSolutionNode = FALSE
	EndGlobalSection
	GlobalSection(MonoDevelopProperties) = preSolution
		StartupItem = Assembly-CSharp.csproj
	EndGlobalSection
EndGlobal
